
Microsoft Visual Studio Solution File, Format Version 12.00
# Visual Studio Version 18
VisualStudioVersion = 18.0.11217.181
MinimumVisualStudioVersion = 10.0.40219.1
Project("{FAE04EC0-301F-11D3-BF4B-00C04F79EFBC}") = "Lab01_Matrix", "Lab01_Matrix\Lab01_Matrix.csproj", "{FBAD3E9B-94F7-4DAA-B614-FF65333B2772}"
EndProject
Project("{FAE04EC0-301F-11D3-BF4B-00C04F79EFBC}") = "Lab01_Matrix_Example", "Lab01_Matrix_Example\Lab01_Matrix_Example.csproj", "{5847D284-B8CF-40C5-9161-02F717F0369C}"
EndProject
Project("{2150E333-8FDC-42A3-9474-1A3956D46DE8}") = "Lab01", "Lab01", "{36D591C7-65C7-A0D1-1CBC-10CDE441BDC8}"
EndProject
Project("{2150E333-8FDC-42A3-9474-1A3956D46DE8}") = "Отчет", "Отчет", "{762207B2-D924-45BB-B878-0BC956DBB5B6}"
EndProject
Project("{2150E333-8FDC-42A3-9474-1A3956D46DE8}") = "Lab02", "Lab02", "{751D9251-195A-403B-A896-E60037918DBD}"
EndProject
Project("{2150E333-8FDC-42A3-9474-1A3956D46DE8}") = "Lab03", "Lab03", "{78016DD4-7FD0-41F5-B388-882D1BBB7B55}"
EndProject
Project("{2150E333-8FDC-42A3-9474-1A3956D46DE8}") = "Отчет", "Отчет", "{19AAC6B6-B842-4FCA-8474-CC3756442C5B}"
EndProject
Project("{2150E333-8FDC-42A3-9474-1A3956D46DE8}") = "Отчет", "Отчет", "{21830379-E468-481D-9F08-2F0292FD58CB}"
EndProject
Project("{FAE04EC0-301F-11D3-BF4B-00C04F79EFBC}") = "Lab02_EggDrop", "Lab02_EggDrop\Lab02_EggDrop.csproj", "{41E9B8DC-C766-43C4-B072-8CA104C80A6F}"
EndProject
Project("{FAE04EC0-301F-11D3-BF4B-00C04F79EFBC}") = "Lab02_EggDrop_Example", "Lab02_EggDrop_Example\Lab02_EggDrop_Example.csproj", "{79AB734A-76E7-4E37-8674-14803EE888AC}"
EndProject
Project("{FAE04EC0-301F-11D3-BF4B-00C04F79EFBC}") = "Lab03_ShakerSort", "Lab03_ShakerSort\Lab03_ShakerSort.csproj", "{09CF04CB-1CE8-4F82-9A65-6B9894CF52C7}"
EndProject
Project("{FAE04EC0-301F-11D3-BF4B-00C04F79EFBC}") = "Lab03_ShakerSort_Example", "Lab03_ShakerSort_Example\Lab03_ShakerSort_Example.csproj", "{B70BDA0A-AD8F-4386-AA81-24B9FE32620E}"
EndProject
Project("{2150E333-8FDC-42A3-9474-1A3956D46DE8}") = "Lab04", "Lab04", "{64DB33EB-01DD-4610-B078-7CD58EBF975C}"
EndProject
Project("{2150E333-8FDC-42A3-9474-1A3956D46DE8}") = "Отчет", "Отчет", "{3FDCF204-2681-4F0C-9220-925E11B26701}"
EndProject
Project("{FAE04EC0-301F-11D3-BF4B-00C04F79EFBC}") = "Lab04_InsertionGistSearch", "Lab04_InsertionGistSearch\Lab04_InsertionGistSearch.csproj", "{A4EB9A6C-B831-4E39-AC50-695EA0281B1A}"
EndProject
Project("{FAE04EC0-301F-11D3-BF4B-00C04F79EFBC}") = "Lab04_InsertionGistSearch_Example", "Lab04_InsertionGistSearch_Example\Lab04_InsertionGistSearch_Example.csproj", "{BA52BB14-BA6E-4F3E-870F-BB18DD2CA056}"
EndProject
Project("{2150E333-8FDC-42A3-9474-1A3956D46DE8}") = "Lab05", "Lab05", "{036696C3-ECD8-40AE-B858-E34776F05E0F}"
EndProject
Project("{2150E333-8FDC-42A3-9474-1A3956D46DE8}") = "Отчет", "Отчет", "{8AAD5174-D455-41CA-BA08-39283B30458C}"
EndProject
Project("{FAE04EC0-301F-11D3-BF4B-00C04F79EFBC}") = "Lab05_SearchSortAnalysis", "Lab05_SearchSortAnalysis\Lab05_SearchSortAnalysis.csproj", "{AA5AA256-D0C2-4A32-84AD-7C316AF48651}"
EndProject
Project("{2150E333-8FDC-42A3-9474-1A3956D46DE8}") = "Lab06_07_08_10", "Lab06_07_08_10", "{5EB3BED4-8DC0-420D-A2ED-F15917A5A4AA}"
EndProject
Project("{FAE04EC0-301F-11D3-BF4B-00C04F79EFBC}") = "Lab06_10_Collections", "Lab06_10_Collections\Lab06_10_Collections.csproj", "{3EDF9D2E-402E-4C21-B244-94DEB838865A}"
EndProject
Project("{2150E333-8FDC-42A3-9474-1A3956D46DE8}") = "Lab09", "Lab09", "{35935281-8BA0-4E34-852F-20B8F55DC987}"
EndProject
Project("{FAE04EC0-301F-11D3-BF4B-00C04F79EFBC}") = "Lab09_TicketGenerator", "Lab09_TicketGenerator\Lab09_TicketGenerator.csproj", "{61FCA582-34E1-4DA3-A9BF-05FCCA64AA5B}"
EndProject
Project("{FAE04EC0-301F-11D3-BF4B-00C04F79EFBC}") = "Lab09_TicketGenerator.App", "Lab09_TicketGenerator.App\Lab09_TicketGenerator.App.csproj", "{4115C351-F326-482C-B2D1-E8AFFB5E8B57}"
EndProject
Project("{2150E333-8FDC-42A3-9474-1A3956D46DE8}") = "Lab11", "Lab11", "{0B0A064A-2BC4-402E-91D1-665A21CB2FFF}"
EndProject
Project("{FAE04EC0-301F-11D3-BF4B-00C04F79EFBC}") = "Lab11_PipelineOptimization", "Lab11_PipelineOptimization\Lab11_PipelineOptimization.csproj", "{8C9D2382-49E1-4C10-ACA5-E5DB3F7B60E2}"
EndProject
Global
	GlobalSection(SolutionConfigurationPlatforms) = preSolution
		Debug|Any CPU = Debug|Any CPU
		Release|Any CPU = Release|Any CPU
	EndGlobalSection
	GlobalSection(ProjectConfigurationPlatforms) = postSolution
		{FBAD3E9B-94F7-4DAA-B614-FF65333B2772}.Debug|Any CPU.ActiveCfg = Debug|Any CPU
		{FBAD3E9B-94F7-4DAA-B614-FF65333B2772}.Debug|Any CPU.Build.0 = Debug|Any CPU
		{FBAD3E9B-94F7-4DAA-B614-FF65333B2772}.Release|Any CPU.ActiveCfg = Release|Any CPU
		{FBAD3E9B-94F7-4DAA-B614-FF65333B2772}.Release|Any CPU.Build.0 = Release|Any CPU
		{5847D284-B8CF-40C5-9161-02F717F0369C}.Debug|Any CPU.ActiveCfg = Debug|Any CPU
		{5847D284-B8CF-40C5-9161-02F717F0369C}.Debug|Any CPU.Build.0 = Debug|Any CPU
		{5847D284-B8CF-40C5-9161-02F717F0369C}.Release|Any CPU.ActiveCfg = Release|Any CPU
		{5847D284-B8CF-40C5-9161-02F717F0369C}.Release|Any CPU.Build.0 = Release|Any CPU
		{41E9B8DC-C766-43C4-B072-8CA104C80A6F}.Debug|Any CPU.ActiveCfg = Debug|Any CPU
		{41E9B8DC-C766-43C4-B072-8CA104C80A6F}.Debug|Any CPU.Build.0 = Debug|Any CPU
		{41E9B8DC-C766-43C4-B072-8CA104C80A6F}.Release|Any CPU.ActiveCfg = Release|Any CPU
		{41E9B8DC-C766-43C4-B072-8CA104C80A6F}.Release|Any CPU.Build.0 = Release|Any CPU
		{79AB734A-76E7-4E37-8674-14803EE888AC}.Debug|Any CPU.ActiveCfg = Debug|Any CPU
		{79AB734A-76E7-4E37-8674-14803EE888AC}.Debug|Any CPU.Build.0 = Debug|Any CPU
		{79AB734A-76E7-4E37-8674-14803EE888AC}.Release|Any CPU.ActiveCfg = Release|Any CPU
		{79AB734A-76E7-4E37-8674-14803EE888AC}.Release|Any CPU.Build.0 = Release|Any CPU
		{09CF04CB-1CE8-4F82-9A65-6B9894CF52C7}.Debug|Any CPU.ActiveCfg = Debug|Any CPU
		{09CF04CB-1CE8-4F82-9A65-6B9894CF52C7}.Debug|Any CPU.Build.0 = Debug|Any CPU
		{09CF04CB-1CE8-4F82-9A65-6B9894CF52C7}.Release|Any CPU.ActiveCfg = Release|Any CPU
		{09CF04CB-1CE8-4F82-9A65-6B9894CF52C7}.Release|Any CPU.Build.0 = Release|Any CPU
		{B70BDA0A-AD8F-4386-AA81-24B9FE32620E}.Debug|Any CPU.ActiveCfg = Debug|Any CPU
		{B70BDA0A-AD8F-4386-AA81-24B9FE32620E}.Debug|Any CPU.Build.0 = Debug|Any CPU
		{B70BDA0A-AD8F-4386-AA81-24B9FE32620E}.Release|Any CPU.ActiveCfg = Release|Any CPU
		{B70BDA0A-AD8F-4386-AA81-24B9FE32620E}.Release|Any CPU.Build.0 = Release|Any CPU
		{A4EB9A6C-B831-4E39-AC50-695EA0281B1A}.Debug|Any CPU.ActiveCfg = Debug|Any CPU
		{A4EB9A6C-B831-4E39-AC50-695EA0281B1A}.Debug|Any CPU.Build.0 = Debug|Any CPU
		{A4EB9A6C-B831-4E39-AC50-695EA0281B1A}.Release|Any CPU.ActiveCfg = Release|Any CPU
		{A4EB9A6C-B831-4E39-AC50-695EA0281B1A}.Release|Any CPU.Build.0 = Release|Any CPU
		{BA52BB14-BA6E-4F3E-870F-BB18DD2CA056}.Debug|Any CPU.ActiveCfg = Debug|Any CPU
		{BA52BB14-BA6E-4F3E-870F-BB18DD2CA056}.Debug|Any CPU.Build.0 = Debug|Any CPU
		{BA52BB14-BA6E-4F3E-870F-BB18DD2CA056}.Release|Any CPU.ActiveCfg = Release|Any CPU
		{BA52BB14-BA6E-4F3E-870F-BB18DD2CA056}.Release|Any CPU.Build.0 = Release|Any CPU
		{AA5AA256-D0C2-4A32-84AD-7C316AF48651}.Debug|Any CPU.ActiveCfg = Debug|Any CPU
		{AA5AA256-D0C2-4A32-84AD-7C316AF48651}.Debug|Any CPU.Build.0 = Debug|Any CPU
		{AA5AA256-D0C2-4A32-84AD-7C316AF48651}.Release|Any CPU.ActiveCfg = Release|Any CPU
		{AA5AA256-D0C2-4A32-84AD-7C316AF48651}.Release|Any CPU.Build.0 = Release|Any CPU
		{3EDF9D2E-402E-4C21-B244-94DEB838865A}.Debug|Any CPU.ActiveCfg = Debug|Any CPU
		{3EDF9D2E-402E-4C21-B244-94DEB838865A}.Debug|Any CPU.Build.0 = Debug|Any CPU
		{3EDF9D2E-402E-4C21-B244-94DEB838865A}.Release|Any CPU.ActiveCfg = Release|Any CPU
		{3EDF9D2E-402E-4C21-B244-94DEB838865A}.Release|Any CPU.Build.0 = Release|Any CPU
		{61FCA582-34E1-4DA3-A9BF-05FCCA64AA5B}.Debug|Any CPU.ActiveCfg = Debug|Any CPU
		{61FCA582-34E1-4DA3-A9BF-05FCCA64AA5B}.Debug|Any CPU.Build.0 = Debug|Any CPU
		{61FCA582-34E1-4DA3-A9BF-05FCCA64AA5B}.Release|Any CPU.ActiveCfg = Release|Any CPU
		{61FCA582-34E1-4DA3-A9BF-05FCCA64AA5B}.Release|Any CPU.Build.0 = Release|Any CPU
		{4115C351-F326-482C-B2D1-E8AFFB5E8B57}.Debug|Any CPU.ActiveCfg = Debug|Any CPU
		{4115C351-F326-482C-B2D1-E8AFFB5E8B57}.Debug|Any CPU.Build.0 = Debug|Any CPU
		{4115C351-F326-482C-B2D1-E8AFFB5E8B57}.Release|Any CPU.ActiveCfg = Release|Any CPU
		{4115C351-F326-482C-B2D1-E8AFFB5E8B57}.Release|Any CPU.Build.0 = Release|Any CPU
		{8C9D2382-49E1-4C10-ACA5-E5DB3F7B60E2}.Debug|Any CPU.ActiveCfg = Debug|Any CPU
		{8C9D2382-49E1-4C10-ACA5-E5DB3F7B60E2}.Debug|Any CPU.Build.0 = Debug|Any CPU
		{8C9D2382-49E1-4C10-ACA5-E5DB3F7B60E2}.Release|Any CPU.ActiveCfg = Release|Any CPU
		{8C9D2382-49E1-4C10-ACA5-E5DB3F7B60E2}.Release|Any CPU.Build.0 = Release|Any CPU
	EndGlobalSection
	GlobalSection(SolutionProperties) = preSolution
		HideSolutionNode = FALSE
	EndGlobalSection
	GlobalSection(NestedProjects) = preSolution
		{FBAD3E9B-94F7-4DAA-B614-FF65333B2772} = {36D591C7-65C7-A0D1-1CBC-10CDE441BDC8}
		{5847D284-B8CF-40C5-9161-02F717F0369C} = {36D591C7-65C7-A0D1-1CBC-10CDE441BDC8}
		{762207B2-D924-45BB-B878-0BC956DBB5B6} = {36D591C7-65C7-A0D1-1CBC-10CDE441BDC8}
		{19AAC6B6-B842-4FCA-8474-CC3756442C5B} = {751D9251-195A-403B-A896-E60037918DBD}
		{21830379-E468-481D-9F08-2F0292FD58CB} = {78016DD4-7FD0-41F5-B388-882D1BBB7B55}
		{41E9B8DC-C766-43C4-B072-8CA104C80A6F} = {751D9251-195A-403B-A896-E60037918DBD}
		{79AB734A-76E7-4E37-8674-14803EE888AC} = {751D9251-195A-403B-A896-E60037918DBD}
		{09CF04CB-1CE8-4F82-9A65-6B9894CF52C7} = {78016DD4-7FD0-41F5-B388-882D1BBB7B55}
		{B70BDA0A-AD8F-4386-AA81-24B9FE32620E} = {78016DD4-7FD0-41F5-B388-882D1BBB7B55}
		{3FDCF204-2681-4F0C-9220-925E11B26701} = {64DB33EB-01DD-4610-B078-7CD58EBF975C}
		{A4EB9A6C-B831-4E39-AC50-695EA0281B1A} = {64DB33EB-01DD-4610-B078-7CD58EBF975C}
		{BA52BB14-BA6E-4F3E-870F-BB18DD2CA056} = {64DB33EB-01DD-4610-B078-7CD58EBF975C}
		{8AAD5174-D455-41CA-BA08-39283B30458C} = {036696C3-ECD8-40AE-B858-E34776F05E0F}
		{AA5AA256-D0C2-4A32-84AD-7C316AF48651} = {036696C3-ECD8-40AE-B858-E34776F05E0F}
		{3EDF9D2E-402E-4C21-B244-94DEB838865A} = {5EB3BED4-8DC0-420D-A2ED-F15917A5A4AA}
		{61FCA582-34E1-4DA3-A9BF-05FCCA64AA5B} = {35935281-8BA0-4E34-852F-20B8F55DC987}
		{4115C351-F326-482C-B2D1-E8AFFB5E8B57} = {35935281-8BA0-4E34-852F-20B8F55DC987}
		{8C9D2382-49E1-4C10-ACA5-E5DB3F7B60E2} = {0B0A064A-2BC4-402E-91D1-665A21CB2FFF}
	EndGlobalSection
	GlobalSection(ExtensibilityGlobals) = postSolution
		SolutionGuid = {B9E5BC18-9476-44B3-98B2-5EB59119BCDD}
	EndGlobalSection
EndGlobal
